
Microsoft Visual Studio Solution File, Format Version 12.00
# Visual Studio Version 16
VisualStudioVersion = 16.0.32126.315
MinimumVisualStudioVersion = 10.0.40219.1
Project("{FAE04EC0-301F-11D3-BF4B-00C04F79EFBC}") = "magazin", "magazin\magazin.csproj", "{2D997FF9-5036-40FE-B362-D26423217083}"
EndProject
Global
	GlobalSection(SolutionConfigurationPlatforms) = preSolution
		Debug|Any CPU = Debug|Any CPU
		Release|Any CPU = Release|Any CPU
	EndGlobalSection
	GlobalSection(ProjectConfigurationPlatforms) = postSolution
		{2D997FF9-5036-40FE-B362-D26423217083}.Debug|Any CPU.ActiveCfg = Debug|Any CPU
		{2D997FF9-5036-40FE-B362-D26423217083}.Debug|Any CPU.Build.0 = Debug|Any CPU
		{2D997FF9-5036-40FE-B362-D26423217083}.Release|Any CPU.ActiveCfg = Release|Any CPU
		{2D997FF9-5036-40FE-B362-D26423217083}.Release|Any CPU.Build.0 = Release|Any CPU
	EndGlobalSection
	GlobalSection(SolutionProperties) = preSolution
		HideSolutionNode = FALSE
	EndGlobalSection
	GlobalSection(ExtensibilityGlobals) = postSolution
		SolutionGuid = {AD5F384D-E7E0-4B5F-BDD7-8C9F86625C58}
	EndGlobalSection
EndGlobal
